// !$*UTF8*$!
{
	archiveVersion = 1;
	classes = {
	};
	objectVersion = 56;
	objects = {

/* Begin PBXBuildFile section */
		E8118C1B2B5AF9BE009065D3 /* AppDelegate.swift in Sources */ = {isa = PBXBuildFile; fileRef = E8118C1A2B5AF9BE009065D3 /* AppDelegate.swift */; };
		E8118C1D2B5AF9BE009065D3 /* SceneDelegate.swift in Sources */ = {isa = PBXBuildFile; fileRef = E8118C1C2B5AF9BE009065D3 /* SceneDelegate.swift */; };
		E8118C1F2B5AF9BE009065D3 /* ViewController.swift in Sources */ = {isa = PBXBuildFile; fileRef = E8118C1E2B5AF9BE009065D3 /* ViewController.swift */; };
		E8118C222B5AF9BE009065D3 /* Main.storyboard in Resources */ = {isa = PBXBuildFile; fileRef = E8118C202B5AF9BE009065D3 /* Main.storyboard */; };
		E8118C252B5AF9BE009065D3 /* _19TravelBook.xcdatamodeld in Sources */ = {isa = PBXBuildFile; fileRef = E8118C232B5AF9BE009065D3 /* _19TravelBook.xcdatamodeld */; };
		E8118C272B5AF9BF009065D3 /* Assets.xcassets in Resources */ = {isa = PBXBuildFile; fileRef = E8118C262B5AF9BF009065D3 /* Assets.xcassets */; };
		E8118C2A2B5AF9BF009065D3 /* LaunchScreen.storyboard in Resources */ = {isa = PBXBuildFile; fileRef = E8118C282B5AF9BF009065D3 /* LaunchScreen.storyboard */; };
		E814926F2B6A6B7000A46DB8 /* ListViewCont.swift in Sources */ = {isa = PBXBuildFile; fileRef = E814926E2B6A6B7000A46DB8 /* ListViewCont.swift */; };
/* End PBXBuildFile section */

/* Begin PBXFileReference section */
		E8118C172B5AF9BE009065D3 /* _19TravelBook.app */ = {isa = PBXFileReference; explicitFileType = wrapper.application; includeInIndex = 0; path = _19TravelBook.app; sourceTree = BUILT_PRODUCTS_DIR; };
		E8118C1A2B5AF9BE009065D3 /* AppDelegate.swift */ = {isa = PBXFileReference; lastKnownFileType = sourcecode.swift; path = AppDelegate.swift; sourceTree = "<group>"; };
		E8118C1C2B5AF9BE009065D3 /* SceneDelegate.swift */ = {isa = PBXFileReference; lastKnownFileType = sourcecode.swift; path = SceneDelegate.swift; sourceTree = "<group>"; };
		E8118C1E2B5AF9BE009065D3 /* ViewController.swift */ = {isa = PBXFileReference; lastKnownFileType = sourcecode.swift; path = ViewController.swift; sourceTree = "<group>"; };
		E8118C212B5AF9BE009065D3 /* Base */ = {isa = PBXFileReference; lastKnownFileType = file.storyboard; name = Base; path = Base.lproj/Main.storyboard; sourceTree = "<group>"; };
		E8118C242B5AF9BE009065D3 /* _19TravelBook.xcdatamodel */ = {isa = PBXFileReference; lastKnownFileType = wrapper.xcdatamodel; path = _19TravelBook.xcdatamodel; sourceTree = "<group>"; };
		E8118C262B5AF9BF009065D3 /* Assets.xcassets */ = {isa = PBXFileReference; lastKnownFileType = folder.assetcatalog; path = Assets.xcassets; sourceTree = "<group>"; };
		E8118C292B5AF9BF009065D3 /* Base */ = {isa = PBXFileReference; lastKnownFileType = file.storyboard; name = Base; path = Base.lproj/LaunchScreen.storyboard; sourceTree = "<group>"; };
		E8118C2B2B5AF9BF009065D3 /* Info.plist */ = {isa = PBXFileReference; lastKnownFileType = text.plist.xml; path = Info.plist; sourceTree = "<group>"; };
		E814926E2B6A6B7000A46DB8 /* ListViewCont.swift */ = {isa = PBXFileReference; lastKnownFileType = sourcecode.swift; path = ListViewCont.swift; sourceTree = "<group>"; };
/* End PBXFileReference section */

/* Begin PBXFrameworksBuildPhase section */
		E8118C142B5AF9BE009065D3 /* Frameworks */ = {
			isa = PBXFrameworksBuildPhase;
			buildActionMask = 2147483647;
			files = (
			);
			runOnlyForDeploymentPostprocessing = 0;
		};
/* End PBXFrameworksBuildPhase section */

/* Begin PBXGroup section */
		E8118C0E2B5AF9BD009065D3 = {
			isa = PBXGroup;
			children = (
				E8118C192B5AF9BE009065D3 /* _19TravelBook */,
				E8118C182B5AF9BE009065D3 /* Products */,
			);
			sourceTree = "<group>";
		};
		E8118C182B5AF9BE009065D3 /* Products */ = {
			isa = PBXGroup;
			children = (
				E8118C172B5AF9BE009065D3 /* _19TravelBook.app */,
			);
			name = Products;
			sourceTree = "<group>";
		};
		E8118C192B5AF9BE009065D3 /* _19TravelBook */ = {
			isa = PBXGroup;
			children = (
				E8118C1A2B5AF9BE009065D3 /* AppDelegate.swift */,
				E8118C1C2B5AF9BE009065D3 /* SceneDelegate.swift */,
				E8118C1E2B5AF9BE009065D3 /* ViewController.swift */,
				E814926E2B6A6B7000A46DB8 /* ListViewCont.swift */,
				E8118C202B5AF9BE009065D3 /* Main.storyboard */,
				E8118C262B5AF9BF009065D3 /* Assets.xcassets */,
				E8118C282B5AF9BF009065D3 /* LaunchScreen.storyboard */,
				E8118C2B2B5AF9BF009065D3 /* Info.plist */,
				E8118C232B5AF9BE009065D3 /* _19TravelBook.xcdatamodeld */,
			);
			path = _19TravelBook;
			sourceTree = "<group>";
		};
/* End PBXGroup section */

/* Begin PBXNativeTarget section */
		E8118C162B5AF9BE009065D3 /* _19TravelBook */ = {
			isa = PBXNativeTarget;
			buildConfigurationList = E8118C2E2B5AF9BF009065D3 /* Build configuration list for PBXNativeTarget "_19TravelBook" */;
			buildPhases = (
				E8118C132B5AF9BE009065D3 /* Sources */,
				E8118C142B5AF9BE009065D3 /* Frameworks */,
				E8118C152B5AF9BE009065D3 /* Resources */,
			);
			buildRules = (
			);
			dependencies = (
			);
			name = _19TravelBook;
			productName = _19TravelBook;
			productReference = E8118C172B5AF9BE009065D3 /* _19TravelBook.app */;
			productType = "com.apple.product-type.application";
		};
/* End PBXNativeTarget section */

/* Begin PBXProject section */
		E8118C0F2B5AF9BD009065D3 /* Project object */ = {
			isa = PBXProject;
			attributes = {
				BuildIndependentTargetsInParallel = 1;
				LastSwiftUpdateCheck = 1510;
				LastUpgradeCheck = 1510;
				TargetAttributes = {
					E8118C162B5AF9BE009065D3 = {
						CreatedOnToolsVersion = 15.1;
					};
				};
			};
			buildConfigurationList = E8118C122B5AF9BD009065D3 /* Build configuration list for PBXProject "_19TravelBook" */;
			compatibilityVersion = "Xcode 14.0";
			developmentRegion = en;
			hasScannedForEncodings = 0;
			knownRegions = (
				en,
				Base,
			);
			mainGroup = E8118C0E2B5AF9BD009065D3;
			productRefGroup = E8118C182B5AF9BE009065D3 /* Products */;
			projectDirPath = "";
			projectRoot = "";
			targets = (
				E8118C162B5AF9BE009065D3 /* _19TravelBook */,
			);
		};
/* End PBXProject section */

/* Begin PBXResourcesBuildPhase section */
		E8118C152B5AF9BE009065D3 /* Resources */ = {
			isa = PBXResourcesBuildPhase;
			buildActionMask = 2147483647;
			files = (
				E8118C2A2B5AF9BF009065D3 /* LaunchScreen.storyboard in Resources */,
				E8118C272B5AF9BF009065D3 /* Assets.xcassets in Resources */,
				E8118C222B5AF9BE009065D3 /* Main.storyboard in Resources */,
			);
			runOnlyForDeploymentPostprocessing = 0;
		};
/* End PBXResourcesBuildPhase section */

/* Begin PBXSourcesBuildPhase section */
		E8118C132B5AF9BE009065D3 /* Sources */ = {
			isa = PBXSourcesBuildPhase;
			buildActionMask = 2147483647;
			files = (
				E814926F2B6A6B7000A46DB8 /* ListViewCont.swift in Sources */,
				E8118C252B5AF9BE009065D3 /* _19TravelBook.xcdatamodeld in Sources */,
				E8118C1F2B5AF9BE009065D3 /* ViewController.swift in Sources */,
				E8118C1B2B5AF9BE009065D3 /* AppDelegate.swift in Sources */,
				E8118C1D2B5AF9BE009065D3 /* SceneDelegate.swift in Sources */,
			);
			runOnlyForDeploymentPostprocessing = 0;
		};
/* End PBXSourcesBuildPhase section */

/* Begin PBXVariantGroup section */
		E8118C202B5AF9BE009065D3 /* Main.storyboard */ = {
			isa = PBXVariantGroup;
			children = (
				E8118C212B5AF9BE009065D3 /* Base */,
			);
			name = Main.storyboard;
			sourceTree = "<group>";
		};
		E8118C282B5AF9BF009065D3 /* LaunchScreen.storyboard */ = {
			isa = PBXVariantGroup;
			children = (
				E8118C292B5AF9BF009065D3 /* Base */,
			);
			name = LaunchScreen.storyboard;
			sourceTree = "<group>";
		};
/* End PBXVariantGroup section */

/* Begin XCBuildConfiguration section */
		E8118C2C2B5AF9BF009065D3 /* Debug */ = {
			isa = XCBuildConfiguration;
			buildSettings = {
				ALWAYS_SEARCH_USER_PATHS = NO;
				ASSETCATALOG_COMPILER_GENERATE_SWIFT_ASSET_SYMBOL_EXTENSIONS = YES;
				CLANG_ANALYZER_NONNULL = YES;
				CLANG_ANALYZER_NUMBER_OBJECT_CONVERSION = YES_AGGRESSIVE;
				CLANG_CXX_LANGUAGE_STANDARD = "gnu++20";
				CLANG_ENABLE_MODULES = YES;
				CLANG_ENABLE_OBJC_ARC = YES;
				CLANG_ENABLE_OBJC_WEAK = YES;
				CLANG_WARN_BLOCK_CAPTURE_AUTORELEASING = YES;
				CLANG_WARN_BOOL_CONVERSION = YES;
				CLANG_WARN_COMMA = YES;
				CLANG_WARN_CONSTANT_CONVERSION = YES;
				CLANG_WARN_DEPRECATED_OBJC_IMPLEMENTATIONS = YES;
				CLANG_WARN_DIRECT_OBJC_ISA_USAGE = YES_ERROR;
				CLANG_WARN_DOCUMENTATION_COMMENTS = YES;
				CLANG_WARN_EMPTY_BODY = YES;
				CLANG_WARN_ENUM_CONVERSION = YES;
				CLANG_WARN_INFINITE_RECURSION = YES;
				CLANG_WARN_INT_CONVERSION = YES;
				CLANG_WARN_NON_LITERAL_NULL_CONVERSION = YES;
				CLANG_WARN_OBJC_IMPLICIT_RETAIN_SELF = YES;
				CLANG_WARN_OBJC_LITERAL_CONVERSION = YES;
				CLANG_WARN_OBJC_ROOT_CLASS = YES_ERROR;
				CLANG_WARN_QUOTED_INCLUDE_IN_FRAMEWORK_HEADER = YES;
				CLANG_WARN_RANGE_LOOP_ANALYSIS = YES;
				CLANG_WARN_STRICT_PROTOTYPES = YES;
				CLANG_WARN_SUSPICIOUS_MOVE = YES;
				CLANG_WARN_UNGUARDED_AVAILABILITY = YES_AGGRESSIVE;
				CLANG_WARN_UNREACHABLE_CODE = YES;
				CLANG_WARN__DUPLICATE_METHOD_MATCH = YES;
				COPY_PHASE_STRIP = NO;
				DEBUG_INFORMATION_FORMAT = dwarf;
				ENABLE_STRICT_OBJC_MSGSEND = YES;
				ENABLE_TESTABILITY = YES;
				ENABLE_USER_SCRIPT_SANDBOXING = YES;
				GCC_C_LANGUAGE_STANDARD = gnu17;
				GCC_DYNAMIC_NO_PIC = NO;
				GCC_NO_COMMON_BLOCKS = YES;
				GCC_OPTIMIZATION_LEVEL = 0;
				GCC_PREPROCESSOR_DEFINITIONS = (
					"DEBUG=1",
					"$(inherited)",
				);
				GCC_WARN_64_TO_32_BIT_CONVERSION = YES;
				GCC_WARN_ABOUT_RETURN_TYPE = YES_ERROR;
				GCC_WARN_UNDECLARED_SELECTOR = YES;
				GCC_WARN_UNINITIALIZED_AUTOS = YES_AGGRESSIVE;
				GCC_WARN_UNUSED_FUNCTION = YES;
				GCC_WARN_UNUSED_VARIABLE = YES;
				IPHONEOS_DEPLOYMENT_TARGET = 17.2;
				LOCALIZATION_PREFERS_STRING_CATALOGS = YES;
				MTL_ENABLE_DEBUG_INFO = INCLUDE_SOURCE;
				MTL_FAST_MATH = YES;
				ONLY_ACTIVE_ARCH = YES;
				SDKROOT = iphoneos;
				SWIFT_ACTIVE_COMPILATION_CONDITIONS = "DEBUG $(inherited)";
				SWIFT_OPTIMIZATION_LEVEL = "-Onone";
			};
			name = Debug;
		};
		E8118C2D2B5AF9BF009065D3 /* Release */ = {
			isa = XCBuildConfiguration;
			buildSettings = {
				ALWAYS_SEARCH_USER_PATHS = NO;
				ASSETCATALOG_COMPILER_GENERATE_SWIFT_ASSET_SYMBOL_EXTENSIONS = YES;
				CLANG_ANALYZER_NONNULL = YES;
				CLANG_ANALYZER_NUMBER_OBJECT_CONVERSION = YES_AGGRESSIVE;
				CLANG_CXX_LANGUAGE_STANDARD = "gnu++20";
				CLANG_ENABLE_MODULES = YES;
				CLANG_ENABLE_OBJC_ARC = YES;
				CLANG_ENABLE_OBJC_WEAK = YES;
				CLANG_WARN_BLOCK_CAPTURE_AUTORELEASING = YES;
				CLANG_WARN_BOOL_CONVERSION = YES;
				CLANG_WARN_COMMA = YES;
				CLANG_WARN_CONSTANT_CONVERSION = YES;
				CLANG_WARN_DEPRECATED_OBJC_IMPLEMENTATIONS = YES;
				CLANG_WARN_DIRECT_OBJC_ISA_USAGE = YES_ERROR;
				CLANG_WARN_DOCUMENTATION_COMMENTS = YES;
				CLANG_WARN_EMPTY_BODY = YES;
				CLANG_WARN_ENUM_CONVERSION = YES;
				CLANG_WARN_INFINITE_RECURSION = YES;
				CLANG_WARN_INT_CONVERSION = YES;
				CLANG_WARN_NON_LITERAL_NULL_CONVERSION = YES;
				CLANG_WARN_OBJC_IMPLICIT_RETAIN_SELF = YES;
				CLANG_WARN_OBJC_LITERAL_CONVERSION = YES;
				CLANG_WARN_OBJC_ROOT_CLASS = YES_ERROR;
				CLANG_WARN_QUOTED_INCLUDE_IN_FRAMEWORK_HEADER = YES;
				CLANG_WARN_RANGE_LOOP_ANALYSIS = YES;
				CLANG_WARN_STRICT_PROTOTYPES = YES;
				CLANG_WARN_SUSPICIOUS_MOVE = YES;
				CLANG_WARN_UNGUARDED_AVAILABILITY = YES_AGGRESSIVE;
				CLANG_WARN_UNREACHABLE_CODE = YES;
				CLANG_WARN__DUPLICATE_METHOD_MATCH = YES;
				COPY_PHASE_STRIP = NO;
				DEBUG_INFORMATION_FORMAT = "dwarf-with-dsym";
				ENABLE_NS_ASSERTIONS = NO;
				ENABLE_STRICT_OBJC_MSGSEND = YES;
				ENABLE_USER_SCRIPT_SANDBOXING = YES;
				GCC_C_LANGUAGE_STANDARD = gnu17;
				GCC_NO_COMMON_BLOCKS = YES;
				GCC_WARN_64_TO_32_BIT_CONVERSION = YES;
				GCC_WARN_ABOUT_RETURN_TYPE = YES_ERROR;
				GCC_WARN_UNDECLARED_SELECTOR = YES;
				GCC_WARN_UNINITIALIZED_AUTOS = YES_AGGRESSIVE;
				GCC_WARN_UNUSED_FUNCTION = YES;
				GCC_WARN_UNUSED_VARIABLE = YES;
				IPHONEOS_DEPLOYMENT_TARGET = 17.2;
				LOCALIZATION_PREFERS_STRING_CATALOGS = YES;
				MTL_ENABLE_DEBUG_INFO = NO;
				MTL_FAST_MATH = YES;
				SDKROOT = iphoneos;
				SWIFT_COMPILATION_MODE = wholemodule;
				VALIDATE_PRODUCT = YES;
			};
			name = Release;
		};
		E8118C2F2B5AF9BF009065D3 /* Debug */ = {
			isa = XCBuildConfiguration;
			buildSettings = {
				ASSETCATALOG_COMPILER_APPICON_NAME = AppIcon;
				ASSETCATALOG_COMPILER_GLOBAL_ACCENT_COLOR_NAME = AccentColor;
				CODE_SIGN_STYLE = Automatic;
				CURRENT_PROJECT_VERSION = 1;
				DEVELOPMENT_TEAM = 798B8TV68D;
				GENERATE_INFOPLIST_FILE = YES;
				INFOPLIST_FILE = _19TravelBook/Info.plist;
				INFOPLIST_KEY_UIApplicationSupportsIndirectInputEvents = YES;
				INFOPLIST_KEY_UILaunchStoryboardName = LaunchScreen;
				INFOPLIST_KEY_UIMainStoryboardFile = Main;
				INFOPLIST_KEY_UISupportedInterfaceOrientations_iPad = "UIInterfaceOrientationPortrait UIInterfaceOrientationPortraitUpsideDown UIInterfaceOrientationLandscapeLeft UIInterfaceOrientationLandscapeRight";
				INFOPLIST_KEY_UISupportedInterfaceOrientations_iPhone = "UIInterfaceOrientationPortrait UIInterfaceOrientationLandscapeLeft UIInterfaceOrientationLandscapeRight";
				LD_RUNPATH_SEARCH_PATHS = (
					"$(inherited)",
					"@executable_path/Frameworks",
				);
				MARKETING_VERSION = 1.0;
				PRODUCT_BUNDLE_IDENTIFIER = "com.erayinal.-19TravelBook";
				PRODUCT_NAME = "$(TARGET_NAME)";
				SWIFT_EMIT_LOC_STRINGS = YES;
				SWIFT_VERSION = 5.0;
				TARGETED_DEVICE_FAMILY = "1,2";
			};
			name = Debug;
		};
		E8118C302B5AF9BF009065D3 /* Release */ = {
			isa = XCBuildConfiguration;
			buildSettings = {
				ASSETCATALOG_COMPILER_APPICON_NAME = AppIcon;
				ASSETCATALOG_COMPILER_GLOBAL_ACCENT_COLOR_NAME = AccentColor;
				CODE_SIGN_STYLE = Automatic;
				CURRENT_PROJECT_VERSION = 1;
				DEVELOPMENT_TEAM = 798B8TV68D;
				GENERATE_INFOPLIST_FILE = YES;
				INFOPLIST_FILE = _19TravelBook/Info.plist;
				INFOPLIST_KEY_UIApplicationSupportsIndirectInputEvents = YES;
				INFOPLIST_KEY_UILaunchStoryboardName = LaunchScreen;
				INFOPLIST_KEY_UIMainStoryboardFile = Main;
				INFOPLIST_KEY_UISupportedInterfaceOrientations_iPad = "UIInterfaceOrientationPortrait UIInterfaceOrientationPortraitUpsideDown UIInterfaceOrientationLandscapeLeft UIInterfaceOrientationLandscapeRight";
				INFOPLIST_KEY_UISupportedInterfaceOrientations_iPhone = "UIInterfaceOrientationPortrait UIInterfaceOrientationLandscapeLeft UIInterfaceOrientationLandscapeRight";
				LD_RUNPATH_SEARCH_PATHS = (
					"$(inherited)",
					"@executable_path/Frameworks",
				);
				MARKETING_VERSION = 1.0;
				PRODUCT_BUNDLE_IDENTIFIER = "com.erayinal.-19TravelBook";
				PRODUCT_NAME = "$(TARGET_NAME)";
				SWIFT_EMIT_LOC_STRINGS = YES;
				SWIFT_VERSION = 5.0;
				TARGETED_DEVICE_FAMILY = "1,2";
			};
			name = Release;
		};
/* End XCBuildConfiguration section */

/* Begin XCConfigurationList section */
		E8118C122B5AF9BD009065D3 /* Build configuration list for PBXProject "_19TravelBook" */ = {
			isa = XCConfigurationList;
			buildConfigurations = (
				E8118C2C2B5AF9BF009065D3 /* Debug */,
				E8118C2D2B5AF9BF009065D3 /* Release */,
			);
			defaultConfigurationIsVisible = 0;
			defaultConfigurationName = Release;
		};
		E8118C2E2B5AF9BF009065D3 /* Build configuration list for PBXNativeTarget "_19TravelBook" */ = {
			isa = XCConfigurationList;
			buildConfigurations = (
				E8118C2F2B5AF9BF009065D3 /* Debug */,
				E8118C302B5AF9BF009065D3 /* Release */,
			);
			defaultConfigurationIsVisible = 0;
			defaultConfigurationName = Release;
		};
/* End XCConfigurationList section */

/* Begin XCVersionGroup section */
		E8118C232B5AF9BE009065D3 /* _19TravelBook.xcdatamodeld */ = {
			isa = XCVersionGroup;
			children = (
				E8118C242B5AF9BE009065D3 /* _19TravelBook.xcdatamodel */,
			);
			currentVersion = E8118C242B5AF9BE009065D3 /* _19TravelBook.xcdatamodel */;
			path = _19TravelBook.xcdatamodeld;
			sourceTree = "<group>";
			versionGroupType = wrapper.xcdatamodel;
		};
/* End XCVersionGroup section */
	};
	rootObject = E8118C0F2B5AF9BD009065D3 /* Project object */;
}
